
Microsoft Visual Studio Solution File, Format Version 12.00
# Visual Studio Version 17
VisualStudioVersion = 17.0.31903.59
MinimumVisualStudioVersion = 10.0.40219.1
Project("{2150E333-8FDC-42A3-9474-1A3956D46DE8}") = "src", "src", "{827E0CD3-B72D-47B6-A68D-7590B98EB39B}"
EndProject
Project("{2150E333-8FDC-42A3-9474-1A3956D46DE8}") = "Domain", "Domain", "{8B290487-4C16-E85E-E807-F579CBE9FC4D}"
EndProject
Project("{FAE04EC0-301F-11D3-BF4B-00C04F79EFBC}") = "POM.Domain", "src\Domain\POM.Domain.csproj", "{398D2878-FDAA-42C6-8BB5-3419E2B43630}"
EndProject
Project("{2150E333-8FDC-42A3-9474-1A3956D46DE8}") = "Application", "Application", "{22BAF98C-8415-17C4-B26A-D537657BC863}"
EndProject
Project("{FAE04EC0-301F-11D3-BF4B-00C04F79EFBC}") = "POM.Application", "src\Application\POM.Application.csproj", "{D62E068B-91F1-43D3-ABF8-4CE4C129F557}"
EndProject
Project("{2150E333-8FDC-42A3-9474-1A3956D46DE8}") = "Infrastructure", "Infrastructure", "{9048EB7F-3875-A59E-E36B-5BD4C6F2A282}"
EndProject
Project("{FAE04EC0-301F-11D3-BF4B-00C04F79EFBC}") = "POM.Infrastructure", "src\Infrastructure\POM.Infrastructure.csproj", "{9F7BF915-91AA-46D3-B333-F568B162AE9D}"
EndProject
Project("{2150E333-8FDC-42A3-9474-1A3956D46DE8}") = "Api", "Api", "{81034408-37C8-1011-444E-4C15C2FADA8E}"
EndProject
Project("{FAE04EC0-301F-11D3-BF4B-00C04F79EFBC}") = "POM.Api", "src\Api\POM.Api.csproj", "{DD49B976-E874-49B9-9BEB-F8D2D3D8F5DF}"
EndProject
Project("{2150E333-8FDC-42A3-9474-1A3956D46DE8}") = "tests", "tests", "{CEA09484-30F6-4D44-02F6-822E06DBC57C}"
EndProject
Project("{FAE04EC0-301F-11D3-BF4B-00C04F79EFBC}") = "POM.Domain.Tests", "src\tests\POM.Domain.Tests\POM.Domain.Tests.csproj", "{251C7DEE-C019-4B61-A8AB-CF11FBA0B7AB}"
EndProject
Project("{FAE04EC0-301F-11D3-BF4B-00C04F79EFBC}") = "POM.Infrastructure.Tests", "src\tests\POM.Infrastructure.Tests\POM.Infrastructure.Tests.csproj", "{1F65511B-06B4-4C78-A5CB-B801762C76EA}"
EndProject
Project("{FAE04EC0-301F-11D3-BF4B-00C04F79EFBC}") = "POM.Api.Tests", "src\tests\POM.Api.Tests\POM.Api.Tests.csproj", "{7664D49E-604D-4A3B-838A-FD17E7D71580}"
EndProject
Global
	GlobalSection(SolutionConfigurationPlatforms) = preSolution
		Debug|Any CPU = Debug|Any CPU
		Debug|x64 = Debug|x64
		Debug|x86 = Debug|x86
		Release|Any CPU = Release|Any CPU
		Release|x64 = Release|x64
		Release|x86 = Release|x86
	EndGlobalSection
	GlobalSection(ProjectConfigurationPlatforms) = postSolution
		{398D2878-FDAA-42C6-8BB5-3419E2B43630}.Debug|Any CPU.ActiveCfg = Debug|Any CPU
		{398D2878-FDAA-42C6-8BB5-3419E2B43630}.Debug|Any CPU.Build.0 = Debug|Any CPU
		{398D2878-FDAA-42C6-8BB5-3419E2B43630}.Debug|x64.ActiveCfg = Debug|Any CPU
		{398D2878-FDAA-42C6-8BB5-3419E2B43630}.Debug|x64.Build.0 = Debug|Any CPU
		{398D2878-FDAA-42C6-8BB5-3419E2B43630}.Debug|x86.ActiveCfg = Debug|Any CPU
		{398D2878-FDAA-42C6-8BB5-3419E2B43630}.Debug|x86.Build.0 = Debug|Any CPU
		{398D2878-FDAA-42C6-8BB5-3419E2B43630}.Release|Any CPU.ActiveCfg = Release|Any CPU
		{398D2878-FDAA-42C6-8BB5-3419E2B43630}.Release|Any CPU.Build.0 = Release|Any CPU
		{398D2878-FDAA-42C6-8BB5-3419E2B43630}.Release|x64.ActiveCfg = Release|Any CPU
		{398D2878-FDAA-42C6-8BB5-3419E2B43630}.Release|x64.Build.0 = Release|Any CPU
		{398D2878-FDAA-42C6-8BB5-3419E2B43630}.Release|x86.ActiveCfg = Release|Any CPU
		{398D2878-FDAA-42C6-8BB5-3419E2B43630}.Release|x86.Build.0 = Release|Any CPU
		{D62E068B-91F1-43D3-ABF8-4CE4C129F557}.Debug|Any CPU.ActiveCfg = Debug|Any CPU
		{D62E068B-91F1-43D3-ABF8-4CE4C129F557}.Debug|Any CPU.Build.0 = Debug|Any CPU
		{D62E068B-91F1-43D3-ABF8-4CE4C129F557}.Debug|x64.ActiveCfg = Debug|Any CPU
		{D62E068B-91F1-43D3-ABF8-4CE4C129F557}.Debug|x64.Build.0 = Debug|Any CPU
		{D62E068B-91F1-43D3-ABF8-4CE4C129F557}.Debug|x86.ActiveCfg = Debug|Any CPU
		{D62E068B-91F1-43D3-ABF8-4CE4C129F557}.Debug|x86.Build.0 = Debug|Any CPU
		{D62E068B-91F1-43D3-ABF8-4CE4C129F557}.Release|Any CPU.ActiveCfg = Release|Any CPU
		{D62E068B-91F1-43D3-ABF8-4CE4C129F557}.Release|Any CPU.Build.0 = Release|Any CPU
		{D62E068B-91F1-43D3-ABF8-4CE4C129F557}.Release|x64.ActiveCfg = Release|Any CPU
		{D62E068B-91F1-43D3-ABF8-4CE4C129F557}.Release|x64.Build.0 = Release|Any CPU
		{D62E068B-91F1-43D3-ABF8-4CE4C129F557}.Release|x86.ActiveCfg = Release|Any CPU
		{D62E068B-91F1-43D3-ABF8-4CE4C129F557}.Release|x86.Build.0 = Release|Any CPU
		{9F7BF915-91AA-46D3-B333-F568B162AE9D}.Debug|Any CPU.ActiveCfg = Debug|Any CPU
		{9F7BF915-91AA-46D3-B333-F568B162AE9D}.Debug|Any CPU.Build.0 = Debug|Any CPU
		{9F7BF915-91AA-46D3-B333-F568B162AE9D}.Debug|x64.ActiveCfg = Debug|Any CPU
		{9F7BF915-91AA-46D3-B333-F568B162AE9D}.Debug|x64.Build.0 = Debug|Any CPU
		{9F7BF915-91AA-46D3-B333-F568B162AE9D}.Debug|x86.ActiveCfg = Debug|Any CPU
		{9F7BF915-91AA-46D3-B333-F568B162AE9D}.Debug|x86.Build.0 = Debug|Any CPU
		{9F7BF915-91AA-46D3-B333-F568B162AE9D}.Release|Any CPU.ActiveCfg = Release|Any CPU
		{9F7BF915-91AA-46D3-B333-F568B162AE9D}.Release|Any CPU.Build.0 = Release|Any CPU
		{9F7BF915-91AA-46D3-B333-F568B162AE9D}.Release|x64.ActiveCfg = Release|Any CPU
		{9F7BF915-91AA-46D3-B333-F568B162AE9D}.Release|x64.Build.0 = Release|Any CPU
		{9F7BF915-91AA-46D3-B333-F568B162AE9D}.Release|x86.ActiveCfg = Release|Any CPU
		{9F7BF915-91AA-46D3-B333-F568B162AE9D}.Release|x86.Build.0 = Release|Any CPU
		{DD49B976-E874-49B9-9BEB-F8D2D3D8F5DF}.Debug|Any CPU.ActiveCfg = Debug|Any CPU
		{DD49B976-E874-49B9-9BEB-F8D2D3D8F5DF}.Debug|Any CPU.Build.0 = Debug|Any CPU
		{DD49B976-E874-49B9-9BEB-F8D2D3D8F5DF}.Debug|x64.ActiveCfg = Debug|Any CPU
		{DD49B976-E874-49B9-9BEB-F8D2D3D8F5DF}.Debug|x64.Build.0 = Debug|Any CPU
		{DD49B976-E874-49B9-9BEB-F8D2D3D8F5DF}.Debug|x86.ActiveCfg = Debug|Any CPU
		{DD49B976-E874-49B9-9BEB-F8D2D3D8F5DF}.Debug|x86.Build.0 = Debug|Any CPU
		{DD49B976-E874-49B9-9BEB-F8D2D3D8F5DF}.Release|Any CPU.ActiveCfg = Release|Any CPU
		{DD49B976-E874-49B9-9BEB-F8D2D3D8F5DF}.Release|Any CPU.Build.0 = Release|Any CPU
		{DD49B976-E874-49B9-9BEB-F8D2D3D8F5DF}.Release|x64.ActiveCfg = Release|Any CPU
		{DD49B976-E874-49B9-9BEB-F8D2D3D8F5DF}.Release|x64.Build.0 = Release|Any CPU
		{DD49B976-E874-49B9-9BEB-F8D2D3D8F5DF}.Release|x86.ActiveCfg = Release|Any CPU
		{DD49B976-E874-49B9-9BEB-F8D2D3D8F5DF}.Release|x86.Build.0 = Release|Any CPU
		{251C7DEE-C019-4B61-A8AB-CF11FBA0B7AB}.Debug|Any CPU.ActiveCfg = Debug|Any CPU
		{251C7DEE-C019-4B61-A8AB-CF11FBA0B7AB}.Debug|Any CPU.Build.0 = Debug|Any CPU
		{251C7DEE-C019-4B61-A8AB-CF11FBA0B7AB}.Debug|x64.ActiveCfg = Debug|Any CPU
		{251C7DEE-C019-4B61-A8AB-CF11FBA0B7AB}.Debug|x64.Build.0 = Debug|Any CPU
		{251C7DEE-C019-4B61-A8AB-CF11FBA0B7AB}.Debug|x86.ActiveCfg = Debug|Any CPU
		{251C7DEE-C019-4B61-A8AB-CF11FBA0B7AB}.Debug|x86.Build.0 = Debug|Any CPU
		{251C7DEE-C019-4B61-A8AB-CF11FBA0B7AB}.Release|Any CPU.ActiveCfg = Release|Any CPU
		{251C7DEE-C019-4B61-A8AB-CF11FBA0B7AB}.Release|Any CPU.Build.0 = Release|Any CPU
		{251C7DEE-C019-4B61-A8AB-CF11FBA0B7AB}.Release|x64.ActiveCfg = Release|Any CPU
		{251C7DEE-C019-4B61-A8AB-CF11FBA0B7AB}.Release|x64.Build.0 = Release|Any CPU
		{251C7DEE-C019-4B61-A8AB-CF11FBA0B7AB}.Release|x86.ActiveCfg = Release|Any CPU
		{251C7DEE-C019-4B61-A8AB-CF11FBA0B7AB}.Release|x86.Build.0 = Release|Any CPU
		{1F65511B-06B4-4C78-A5CB-B801762C76EA}.Debug|Any CPU.ActiveCfg = Debug|Any CPU
		{1F65511B-06B4-4C78-A5CB-B801762C76EA}.Debug|Any CPU.Build.0 = Debug|Any CPU
		{1F65511B-06B4-4C78-A5CB-B801762C76EA}.Debug|x64.ActiveCfg = Debug|Any CPU
		{1F65511B-06B4-4C78-A5CB-B801762C76EA}.Debug|x64.Build.0 = Debug|Any CPU
		{1F65511B-06B4-4C78-A5CB-B801762C76EA}.Debug|x86.ActiveCfg = Debug|Any CPU
		{1F65511B-06B4-4C78-A5CB-B801762C76EA}.Debug|x86.Build.0 = Debug|Any CPU
		{1F65511B-06B4-4C78-A5CB-B801762C76EA}.Release|Any CPU.ActiveCfg = Release|Any CPU
		{1F65511B-06B4-4C78-A5CB-B801762C76EA}.Release|Any CPU.Build.0 = Release|Any CPU
		{1F65511B-06B4-4C78-A5CB-B801762C76EA}.Release|x64.ActiveCfg = Release|Any CPU
		{1F65511B-06B4-4C78-A5CB-B801762C76EA}.Release|x64.Build.0 = Release|Any CPU
		{1F65511B-06B4-4C78-A5CB-B801762C76EA}.Release|x86.ActiveCfg = Release|Any CPU
		{1F65511B-06B4-4C78-A5CB-B801762C76EA}.Release|x86.Build.0 = Release|Any CPU
		{7664D49E-604D-4A3B-838A-FD17E7D71580}.Debug|Any CPU.ActiveCfg = Debug|Any CPU
		{7664D49E-604D-4A3B-838A-FD17E7D71580}.Debug|Any CPU.Build.0 = Debug|Any CPU
		{7664D49E-604D-4A3B-838A-FD17E7D71580}.Debug|x64.ActiveCfg = Debug|Any CPU
		{7664D49E-604D-4A3B-838A-FD17E7D71580}.Debug|x64.Build.0 = Debug|Any CPU
		{7664D49E-604D-4A3B-838A-FD17E7D71580}.Debug|x86.ActiveCfg = Debug|Any CPU
		{7664D49E-604D-4A3B-838A-FD17E7D71580}.Debug|x86.Build.0 = Debug|Any CPU
		{7664D49E-604D-4A3B-838A-FD17E7D71580}.Release|Any CPU.ActiveCfg = Release|Any CPU
		{7664D49E-604D-4A3B-838A-FD17E7D71580}.Release|Any CPU.Build.0 = Release|Any CPU
		{7664D49E-604D-4A3B-838A-FD17E7D71580}.Release|x64.ActiveCfg = Release|Any CPU
		{7664D49E-604D-4A3B-838A-FD17E7D71580}.Release|x64.Build.0 = Release|Any CPU
		{7664D49E-604D-4A3B-838A-FD17E7D71580}.Release|x86.ActiveCfg = Release|Any CPU
		{7664D49E-604D-4A3B-838A-FD17E7D71580}.Release|x86.Build.0 = Release|Any CPU
	EndGlobalSection
	GlobalSection(SolutionProperties) = preSolution
		HideSolutionNode = FALSE
	EndGlobalSection
	GlobalSection(NestedProjects) = preSolution
		{8B290487-4C16-E85E-E807-F579CBE9FC4D} = {827E0CD3-B72D-47B6-A68D-7590B98EB39B}
		{398D2878-FDAA-42C6-8BB5-3419E2B43630} = {8B290487-4C16-E85E-E807-F579CBE9FC4D}
		{22BAF98C-8415-17C4-B26A-D537657BC863} = {827E0CD3-B72D-47B6-A68D-7590B98EB39B}
		{D62E068B-91F1-43D3-ABF8-4CE4C129F557} = {22BAF98C-8415-17C4-B26A-D537657BC863}
		{9048EB7F-3875-A59E-E36B-5BD4C6F2A282} = {827E0CD3-B72D-47B6-A68D-7590B98EB39B}
		{9F7BF915-91AA-46D3-B333-F568B162AE9D} = {9048EB7F-3875-A59E-E36B-5BD4C6F2A282}
		{81034408-37C8-1011-444E-4C15C2FADA8E} = {827E0CD3-B72D-47B6-A68D-7590B98EB39B}
		{DD49B976-E874-49B9-9BEB-F8D2D3D8F5DF} = {81034408-37C8-1011-444E-4C15C2FADA8E}
		{CEA09484-30F6-4D44-02F6-822E06DBC57C} = {827E0CD3-B72D-47B6-A68D-7590B98EB39B}
		{251C7DEE-C019-4B61-A8AB-CF11FBA0B7AB} = {CEA09484-30F6-4D44-02F6-822E06DBC57C}
		{1F65511B-06B4-4C78-A5CB-B801762C76EA} = {CEA09484-30F6-4D44-02F6-822E06DBC57C}
		{7664D49E-604D-4A3B-838A-FD17E7D71580} = {CEA09484-30F6-4D44-02F6-822E06DBC57C}
	EndGlobalSection
EndGlobal
